// !$*UTF8*$!
{
	archiveVersion = 1;
	classes = {
	};
	objectVersion = 46;
	objects = {

/* Begin PBXBuildFile section */
		11856691EE3F53BED98852CB /* libPods.a in Frameworks */ = {isa = PBXBuildFile; fileRef = 1FA683109FA8F69DF37B9D93 /* libPods.a */; };
		3F6A5044F8169C03F08146CE /* libPods-PHImageKitTests.a in Frameworks */ = {isa = PBXBuildFile; fileRef = 957186C3C124BFEE5BA122E9 /* libPods-PHImageKitTests.a */; };
		E729DE801C4FD93800696039 /* PHImageKit.h in Headers */ = {isa = PBXBuildFile; fileRef = E729DE7F1C4FD93800696039 /* PHImageKit.h */; settings = {ATTRIBUTES = (Public, ); }; };
		E729DE871C4FD93800696039 /* PHImageKit.framework in Frameworks */ = {isa = PBXBuildFile; fileRef = E729DE7C1C4FD93800696039 /* PHImageKit.framework */; };
		E729DE9D1C4FDA3F00696039 /* AppDelegate.swift in Sources */ = {isa = PBXBuildFile; fileRef = E729DE9C1C4FDA3F00696039 /* AppDelegate.swift */; };
		E729DEA21C4FDA3F00696039 /* Main.storyboard in Resources */ = {isa = PBXBuildFile; fileRef = E729DEA01C4FDA3F00696039 /* Main.storyboard */; };
		E729DEA41C4FDA3F00696039 /* Assets.xcassets in Resources */ = {isa = PBXBuildFile; fileRef = E729DEA31C4FDA3F00696039 /* Assets.xcassets */; };
		E729DEA71C4FDA3F00696039 /* LaunchScreen.storyboard in Resources */ = {isa = PBXBuildFile; fileRef = E729DEA51C4FDA3F00696039 /* LaunchScreen.storyboard */; };
		E729DEB51C4FDC2900696039 /* NSData+ImageFormat.swift in Sources */ = {isa = PBXBuildFile; fileRef = E729DEAD1C4FDC2900696039 /* NSData+ImageFormat.swift */; };
		E729DEB61C4FDC2900696039 /* NSDate+ImageKit.swift in Sources */ = {isa = PBXBuildFile; fileRef = E729DEAE1C4FDC2900696039 /* NSDate+ImageKit.swift */; };
		E729DEB71C4FDC2900696039 /* NSError+ImageKit.swift in Sources */ = {isa = PBXBuildFile; fileRef = E729DEAF1C4FDC2900696039 /* NSError+ImageKit.swift */; };
		E729DEB81C4FDC2900696039 /* NSURL+ImageKit.swift in Sources */ = {isa = PBXBuildFile; fileRef = E729DEB01C4FDC2900696039 /* NSURL+ImageKit.swift */; };
		E729DEB91C4FDC2900696039 /* String+MD5.swift in Sources */ = {isa = PBXBuildFile; fileRef = E729DEB11C4FDC2900696039 /* String+MD5.swift */; };
		E729DEBA1C4FDC2900696039 /* ThreadHelper.swift in Sources */ = {isa = PBXBuildFile; fileRef = E729DEB21C4FDC2900696039 /* ThreadHelper.swift */; };
		E729DEBB1C4FDC2900696039 /* UIImage+ImageKit.swift in Sources */ = {isa = PBXBuildFile; fileRef = E729DEB31C4FDC2900696039 /* UIImage+ImageKit.swift */; };
		E729DEBC1C4FDC2900696039 /* UIView+ImageKit.swift in Sources */ = {isa = PBXBuildFile; fileRef = E729DEB41C4FDC2900696039 /* UIView+ImageKit.swift */; };
		E729DEC91C4FDC3500696039 /* PHAnimatedImage.swift in Sources */ = {isa = PBXBuildFile; fileRef = E729DEBD1C4FDC3500696039 /* PHAnimatedImage.swift */; };
		E729DECA1C4FDC3500696039 /* PHCache.swift in Sources */ = {isa = PBXBuildFile; fileRef = E729DEBE1C4FDC3500696039 /* PHCache.swift */; };
		E729DECB1C4FDC3500696039 /* PHCacheProtocol.swift in Sources */ = {isa = PBXBuildFile; fileRef = E729DEBF1C4FDC3500696039 /* PHCacheProtocol.swift */; };
		E729DECC1C4FDC3500696039 /* PHDownload.swift in Sources */ = {isa = PBXBuildFile; fileRef = E729DEC01C4FDC3500696039 /* PHDownload.swift */; };
		E729DECD1C4FDC3500696039 /* PHDownloader.swift in Sources */ = {isa = PBXBuildFile; fileRef = E729DEC11C4FDC3500696039 /* PHDownloader.swift */; };
		E729DECE1C4FDC3500696039 /* PHFileCache.swift in Sources */ = {isa = PBXBuildFile; fileRef = E729DEC21C4FDC3500696039 /* PHFileCache.swift */; };
		E729DECF1C4FDC3500696039 /* PHImageObject.swift in Sources */ = {isa = PBXBuildFile; fileRef = E729DEC31C4FDC3500696039 /* PHImageObject.swift */; };
		E729DED01C4FDC3500696039 /* PHImageView.swift in Sources */ = {isa = PBXBuildFile; fileRef = E729DEC41C4FDC3500696039 /* PHImageView.swift */; };
		E729DED11C4FDC3500696039 /* PHImageViewProxy.swift in Sources */ = {isa = PBXBuildFile; fileRef = E729DEC51C4FDC3500696039 /* PHImageViewProxy.swift */; };
		E729DED21C4FDC3500696039 /* PHManager.swift in Sources */ = {isa = PBXBuildFile; fileRef = E729DEC61C4FDC3500696039 /* PHManager.swift */; };
		E729DED31C4FDC3500696039 /* PHMemoryCache.swift in Sources */ = {isa = PBXBuildFile; fileRef = E729DEC71C4FDC3500696039 /* PHMemoryCache.swift */; };
		E729DED41C4FDC3500696039 /* PHProgressView.swift in Sources */ = {isa = PBXBuildFile; fileRef = E729DEC81C4FDC3500696039 /* PHProgressView.swift */; };
		E729DEDF1C4FDCD900696039 /* PHAnimatedImageTests.swift in Sources */ = {isa = PBXBuildFile; fileRef = E729DED61C4FDCD900696039 /* PHAnimatedImageTests.swift */; };
		E729DEE01C4FDCD900696039 /* PHCacheTests.swift in Sources */ = {isa = PBXBuildFile; fileRef = E729DED71C4FDCD900696039 /* PHCacheTests.swift */; };
		E729DEE11C4FDCD900696039 /* PHDonwloaderTests.swift in Sources */ = {isa = PBXBuildFile; fileRef = E729DED81C4FDCD900696039 /* PHDonwloaderTests.swift */; };
		E729DEE21C4FDCD900696039 /* PHFileCacheTests.swift in Sources */ = {isa = PBXBuildFile; fileRef = E729DED91C4FDCD900696039 /* PHFileCacheTests.swift */; };
		E729DEE31C4FDCD900696039 /* PHImageObjectTests.swift in Sources */ = {isa = PBXBuildFile; fileRef = E729DEDA1C4FDCD900696039 /* PHImageObjectTests.swift */; };
		E729DEE41C4FDCD900696039 /* PHManagerTests.swift in Sources */ = {isa = PBXBuildFile; fileRef = E729DEDB1C4FDCD900696039 /* PHManagerTests.swift */; };
		E729DEE51C4FDCD900696039 /* PHMemoryCacheTests.swift in Sources */ = {isa = PBXBuildFile; fileRef = E729DEDC1C4FDCD900696039 /* PHMemoryCacheTests.swift */; };
		E729DEE61C4FDCD900696039 /* NSURLImageKitTests.swift in Sources */ = {isa = PBXBuildFile; fileRef = E729DEDD1C4FDCD900696039 /* NSURLImageKitTests.swift */; };
		E729DEE71C4FDCD900696039 /* XCTestCase+ImageKitHelpers.swift in Sources */ = {isa = PBXBuildFile; fileRef = E729DEDE1C4FDCD900696039 /* XCTestCase+ImageKitHelpers.swift */; };
		E736C99C1C522B9100910933 /* PHAnimatedImage.swift in Sources */ = {isa = PBXBuildFile; fileRef = E729DEBD1C4FDC3500696039 /* PHAnimatedImage.swift */; };
		E736C99D1C522BA100910933 /* PHMemoryCache.swift in Sources */ = {isa = PBXBuildFile; fileRef = E729DEC71C4FDC3500696039 /* PHMemoryCache.swift */; };
		E736C99E1C522BA300910933 /* PHManager.swift in Sources */ = {isa = PBXBuildFile; fileRef = E729DEC61C4FDC3500696039 /* PHManager.swift */; };
		E736C99F1C522BA600910933 /* PHImageViewProxy.swift in Sources */ = {isa = PBXBuildFile; fileRef = E729DEC51C4FDC3500696039 /* PHImageViewProxy.swift */; };
		E736C9A01C522BA900910933 /* PHImageView.swift in Sources */ = {isa = PBXBuildFile; fileRef = E729DEC41C4FDC3500696039 /* PHImageView.swift */; };
		E736C9A11C522BAC00910933 /* PHImageObject.swift in Sources */ = {isa = PBXBuildFile; fileRef = E729DEC31C4FDC3500696039 /* PHImageObject.swift */; };
		E736C9A21C522BAE00910933 /* PHFileCache.swift in Sources */ = {isa = PBXBuildFile; fileRef = E729DEC21C4FDC3500696039 /* PHFileCache.swift */; };
		E736C9A31C522BB100910933 /* PHDownloader.swift in Sources */ = {isa = PBXBuildFile; fileRef = E729DEC11C4FDC3500696039 /* PHDownloader.swift */; };
		E736C9A41C522BB300910933 /* PHDownload.swift in Sources */ = {isa = PBXBuildFile; fileRef = E729DEC01C4FDC3500696039 /* PHDownload.swift */; };
		E736C9A51C522BB500910933 /* PHCacheProtocol.swift in Sources */ = {isa = PBXBuildFile; fileRef = E729DEBF1C4FDC3500696039 /* PHCacheProtocol.swift */; };
		E736C9A61C522BB700910933 /* PHCache.swift in Sources */ = {isa = PBXBuildFile; fileRef = E729DEBE1C4FDC3500696039 /* PHCache.swift */; };
		E736C9A71C522BE700910933 /* NSData+ImageFormat.swift in Sources */ = {isa = PBXBuildFile; fileRef = E729DEAD1C4FDC2900696039 /* NSData+ImageFormat.swift */; };
		E736C9A81C522BE700910933 /* NSDate+ImageKit.swift in Sources */ = {isa = PBXBuildFile; fileRef = E729DEAE1C4FDC2900696039 /* NSDate+ImageKit.swift */; };
		E736C9A91C522BE700910933 /* NSError+ImageKit.swift in Sources */ = {isa = PBXBuildFile; fileRef = E729DEAF1C4FDC2900696039 /* NSError+ImageKit.swift */; };
		E736C9AA1C522BE700910933 /* NSURL+ImageKit.swift in Sources */ = {isa = PBXBuildFile; fileRef = E729DEB01C4FDC2900696039 /* NSURL+ImageKit.swift */; };
		E736C9AB1C522BE700910933 /* String+MD5.swift in Sources */ = {isa = PBXBuildFile; fileRef = E729DEB11C4FDC2900696039 /* String+MD5.swift */; };
		E736C9AC1C522BE700910933 /* ThreadHelper.swift in Sources */ = {isa = PBXBuildFile; fileRef = E729DEB21C4FDC2900696039 /* ThreadHelper.swift */; };
		E736C9AD1C522BE700910933 /* UIImage+ImageKit.swift in Sources */ = {isa = PBXBuildFile; fileRef = E729DEB31C4FDC2900696039 /* UIImage+ImageKit.swift */; };
		E736C9AE1C522BF000910933 /* PHProgressView.swift in Sources */ = {isa = PBXBuildFile; fileRef = E729DEC81C4FDC3500696039 /* PHProgressView.swift */; };
		E736C9B21C522E6F00910933 /* UIView+ImageKit.swift in Sources */ = {isa = PBXBuildFile; fileRef = E729DEB41C4FDC2900696039 /* UIView+ImageKit.swift */; };
		E736C9B41C522FA900910933 /* kittyGif.gif in Resources */ = {isa = PBXBuildFile; fileRef = E736C9B31C522FA900910933 /* kittyGif.gif */; };
		E736C9B61C522FE500910933 /* kittyGif.gif in Resources */ = {isa = PBXBuildFile; fileRef = E736C9B31C522FA900910933 /* kittyGif.gif */; };
		E736C9B91C52620300910933 /* PHImageKItCollectionViewController.swift in Sources */ = {isa = PBXBuildFile; fileRef = E736C9B81C52620300910933 /* PHImageKItCollectionViewController.swift */; };
		E736C9BB1C52627000910933 /* PHImageKitCell.swift in Sources */ = {isa = PBXBuildFile; fileRef = E736C9BA1C52627000910933 /* PHImageKitCell.swift */; };
		E736C9BD1C5262F700910933 /* PHImageKitDataSource.swift in Sources */ = {isa = PBXBuildFile; fileRef = E736C9BC1C5262F700910933 /* PHImageKitDataSource.swift */; };
		E77936CB1C5271E4005FF450 /* PHImageKitDetailsViewController.swift in Sources */ = {isa = PBXBuildFile; fileRef = E77936CA1C5271E4005FF450 /* PHImageKitDetailsViewController.swift */; };
/* End PBXBuildFile section */

/* Begin PBXContainerItemProxy section */
		E729DE881C4FD93800696039 /* PBXContainerItemProxy */ = {
			isa = PBXContainerItemProxy;
			containerPortal = E729DE731C4FD93800696039 /* Project object */;
			proxyType = 1;
			remoteGlobalIDString = E729DE7B1C4FD93800696039;
			remoteInfo = PHImageKit;
		};
		E736C9B01C522CDF00910933 /* PBXContainerItemProxy */ = {
			isa = PBXContainerItemProxy;
			containerPortal = E729DE731C4FD93800696039 /* Project object */;
			proxyType = 1;
			remoteGlobalIDString = E729DE991C4FDA3F00696039;
			remoteInfo = PHImageKitDemo;
		};
/* End PBXContainerItemProxy section */

/* Begin PBXFileReference section */
		1FA683109FA8F69DF37B9D93 /* libPods.a */ = {isa = PBXFileReference; explicitFileType = archive.ar; includeInIndex = 0; path = libPods.a; sourceTree = BUILT_PRODUCTS_DIR; };
		3DBBE062D9B26912A26E2124 /* Pods.debug.xcconfig */ = {isa = PBXFileReference; includeInIndex = 1; lastKnownFileType = text.xcconfig; name = Pods.debug.xcconfig; path = "Pods/Target Support Files/Pods/Pods.debug.xcconfig"; sourceTree = "<group>"; };
		6D4FBF90B69D88D7FC18ADEC /* Pods-PHImageKitTests.release.xcconfig */ = {isa = PBXFileReference; includeInIndex = 1; lastKnownFileType = text.xcconfig; name = "Pods-PHImageKitTests.release.xcconfig"; path = "Pods/Target Support Files/Pods-PHImageKitTests/Pods-PHImageKitTests.release.xcconfig"; sourceTree = "<group>"; };
		957186C3C124BFEE5BA122E9 /* libPods-PHImageKitTests.a */ = {isa = PBXFileReference; explicitFileType = archive.ar; includeInIndex = 0; path = "libPods-PHImageKitTests.a"; sourceTree = BUILT_PRODUCTS_DIR; };
		B7A978BECEA349A5358D27A3 /* Pods.release.xcconfig */ = {isa = PBXFileReference; includeInIndex = 1; lastKnownFileType = text.xcconfig; name = Pods.release.xcconfig; path = "Pods/Target Support Files/Pods/Pods.release.xcconfig"; sourceTree = "<group>"; };
		C3D223C662FFB479EC4792C2 /* Pods-PHImageKitTests.debug.xcconfig */ = {isa = PBXFileReference; includeInIndex = 1; lastKnownFileType = text.xcconfig; name = "Pods-PHImageKitTests.debug.xcconfig"; path = "Pods/Target Support Files/Pods-PHImageKitTests/Pods-PHImageKitTests.debug.xcconfig"; sourceTree = "<group>"; };
		E729DE7C1C4FD93800696039 /* PHImageKit.framework */ = {isa = PBXFileReference; explicitFileType = wrapper.framework; includeInIndex = 0; path = PHImageKit.framework; sourceTree = BUILT_PRODUCTS_DIR; };
		E729DE7F1C4FD93800696039 /* PHImageKit.h */ = {isa = PBXFileReference; lastKnownFileType = sourcecode.c.h; path = PHImageKit.h; sourceTree = "<group>"; };
		E729DE811C4FD93800696039 /* Info.plist */ = {isa = PBXFileReference; lastKnownFileType = text.plist.xml; path = Info.plist; sourceTree = "<group>"; };
		E729DE861C4FD93800696039 /* PHImageKitTests.xctest */ = {isa = PBXFileReference; explicitFileType = wrapper.cfbundle; includeInIndex = 0; path = PHImageKitTests.xctest; sourceTree = BUILT_PRODUCTS_DIR; };
		E729DE8D1C4FD93800696039 /* Info.plist */ = {isa = PBXFileReference; lastKnownFileType = text.plist.xml; path = Info.plist; sourceTree = "<group>"; };
		E729DE9A1C4FDA3F00696039 /* PHImageKitDemo.app */ = {isa = PBXFileReference; explicitFileType = wrapper.application; includeInIndex = 0; path = PHImageKitDemo.app; sourceTree = BUILT_PRODUCTS_DIR; };
		E729DE9C1C4FDA3F00696039 /* AppDelegate.swift */ = {isa = PBXFileReference; lastKnownFileType = sourcecode.swift; path = AppDelegate.swift; sourceTree = "<group>"; };
		E729DEA11C4FDA3F00696039 /* Base */ = {isa = PBXFileReference; lastKnownFileType = file.storyboard; name = Base; path = Base.lproj/Main.storyboard; sourceTree = "<group>"; };
		E729DEA31C4FDA3F00696039 /* Assets.xcassets */ = {isa = PBXFileReference; lastKnownFileType = folder.assetcatalog; path = Assets.xcassets; sourceTree = "<group>"; };
		E729DEA61C4FDA3F00696039 /* Base */ = {isa = PBXFileReference; lastKnownFileType = file.storyboard; name = Base; path = Base.lproj/LaunchScreen.storyboard; sourceTree = "<group>"; };
		E729DEA81C4FDA3F00696039 /* Info.plist */ = {isa = PBXFileReference; lastKnownFileType = text.plist.xml; path = Info.plist; sourceTree = "<group>"; };
		E729DEAD1C4FDC2900696039 /* NSData+ImageFormat.swift */ = {isa = PBXFileReference; fileEncoding = 4; lastKnownFileType = sourcecode.swift; path = "NSData+ImageFormat.swift"; sourceTree = "<group>"; };
		E729DEAE1C4FDC2900696039 /* NSDate+ImageKit.swift */ = {isa = PBXFileReference; fileEncoding = 4; lastKnownFileType = sourcecode.swift; path = "NSDate+ImageKit.swift"; sourceTree = "<group>"; };
		E729DEAF1C4FDC2900696039 /* NSError+ImageKit.swift */ = {isa = PBXFileReference; fileEncoding = 4; lastKnownFileType = sourcecode.swift; path = "NSError+ImageKit.swift"; sourceTree = "<group>"; };
		E729DEB01C4FDC2900696039 /* NSURL+ImageKit.swift */ = {isa = PBXFileReference; fileEncoding = 4; lastKnownFileType = sourcecode.swift; path = "NSURL+ImageKit.swift"; sourceTree = "<group>"; };
		E729DEB11C4FDC2900696039 /* String+MD5.swift */ = {isa = PBXFileReference; fileEncoding = 4; lastKnownFileType = sourcecode.swift; path = "String+MD5.swift"; sourceTree = "<group>"; };
		E729DEB21C4FDC2900696039 /* ThreadHelper.swift */ = {isa = PBXFileReference; fileEncoding = 4; lastKnownFileType = sourcecode.swift; path = ThreadHelper.swift; sourceTree = "<group>"; };
		E729DEB31C4FDC2900696039 /* UIImage+ImageKit.swift */ = {isa = PBXFileReference; fileEncoding = 4; lastKnownFileType = sourcecode.swift; path = "UIImage+ImageKit.swift"; sourceTree = "<group>"; };
		E729DEB41C4FDC2900696039 /* UIView+ImageKit.swift */ = {isa = PBXFileReference; fileEncoding = 4; lastKnownFileType = sourcecode.swift; path = "UIView+ImageKit.swift"; sourceTree = "<group>"; };
		E729DEBD1C4FDC3500696039 /* PHAnimatedImage.swift */ = {isa = PBXFileReference; fileEncoding = 4; lastKnownFileType = sourcecode.swift; path = PHAnimatedImage.swift; sourceTree = "<group>"; };
		E729DEBE1C4FDC3500696039 /* PHCache.swift */ = {isa = PBXFileReference; fileEncoding = 4; lastKnownFileType = sourcecode.swift; path = PHCache.swift; sourceTree = "<group>"; };
		E729DEBF1C4FDC3500696039 /* PHCacheProtocol.swift */ = {isa = PBXFileReference; fileEncoding = 4; lastKnownFileType = sourcecode.swift; path = PHCacheProtocol.swift; sourceTree = "<group>"; };
		E729DEC01C4FDC3500696039 /* PHDownload.swift */ = {isa = PBXFileReference; fileEncoding = 4; lastKnownFileType = sourcecode.swift; path = PHDownload.swift; sourceTree = "<group>"; };
		E729DEC11C4FDC3500696039 /* PHDownloader.swift */ = {isa = PBXFileReference; fileEncoding = 4; lastKnownFileType = sourcecode.swift; path = PHDownloader.swift; sourceTree = "<group>"; };
		E729DEC21C4FDC3500696039 /* PHFileCache.swift */ = {isa = PBXFileReference; fileEncoding = 4; lastKnownFileType = sourcecode.swift; path = PHFileCache.swift; sourceTree = "<group>"; };
		E729DEC31C4FDC3500696039 /* PHImageObject.swift */ = {isa = PBXFileReference; fileEncoding = 4; lastKnownFileType = sourcecode.swift; path = PHImageObject.swift; sourceTree = "<group>"; };
		E729DEC41C4FDC3500696039 /* PHImageView.swift */ = {isa = PBXFileReference; fileEncoding = 4; lastKnownFileType = sourcecode.swift; path = PHImageView.swift; sourceTree = "<group>"; };
		E729DEC51C4FDC3500696039 /* PHImageViewProxy.swift */ = {isa = PBXFileReference; fileEncoding = 4; lastKnownFileType = sourcecode.swift; path = PHImageViewProxy.swift; sourceTree = "<group>"; };
		E729DEC61C4FDC3500696039 /* PHManager.swift */ = {isa = PBXFileReference; fileEncoding = 4; lastKnownFileType = sourcecode.swift; path = PHManager.swift; sourceTree = "<group>"; };
		E729DEC71C4FDC3500696039 /* PHMemoryCache.swift */ = {isa = PBXFileReference; fileEncoding = 4; lastKnownFileType = sourcecode.swift; path = PHMemoryCache.swift; sourceTree = "<group>"; };
		E729DEC81C4FDC3500696039 /* PHProgressView.swift */ = {isa = PBXFileReference; fileEncoding = 4; lastKnownFileType = sourcecode.swift; path = PHProgressView.swift; sourceTree = "<group>"; };
		E729DED51C4FDCD800696039 /* PHImageKitTests-Bridging-Header.h */ = {isa = PBXFileReference; lastKnownFileType = sourcecode.c.h; path = "PHImageKitTests-Bridging-Header.h"; sourceTree = "<group>"; };
		E729DED61C4FDCD900696039 /* PHAnimatedImageTests.swift */ = {isa = PBXFileReference; fileEncoding = 4; lastKnownFileType = sourcecode.swift; path = PHAnimatedImageTests.swift; sourceTree = "<group>"; };
		E729DED71C4FDCD900696039 /* PHCacheTests.swift */ = {isa = PBXFileReference; fileEncoding = 4; lastKnownFileType = sourcecode.swift; path = PHCacheTests.swift; sourceTree = "<group>"; };
		E729DED81C4FDCD900696039 /* PHDonwloaderTests.swift */ = {isa = PBXFileReference; fileEncoding = 4; lastKnownFileType = sourcecode.swift; path = PHDonwloaderTests.swift; sourceTree = "<group>"; };
		E729DED91C4FDCD900696039 /* PHFileCacheTests.swift */ = {isa = PBXFileReference; fileEncoding = 4; lastKnownFileType = sourcecode.swift; path = PHFileCacheTests.swift; sourceTree = "<group>"; };
		E729DEDA1C4FDCD900696039 /* PHImageObjectTests.swift */ = {isa = PBXFileReference; fileEncoding = 4; lastKnownFileType = sourcecode.swift; path = PHImageObjectTests.swift; sourceTree = "<group>"; };
		E729DEDB1C4FDCD900696039 /* PHManagerTests.swift */ = {isa = PBXFileReference; fileEncoding = 4; lastKnownFileType = sourcecode.swift; path = PHManagerTests.swift; sourceTree = "<group>"; };
		E729DEDC1C4FDCD900696039 /* PHMemoryCacheTests.swift */ = {isa = PBXFileReference; fileEncoding = 4; lastKnownFileType = sourcecode.swift; path = PHMemoryCacheTests.swift; sourceTree = "<group>"; };
		E729DEDD1C4FDCD900696039 /* NSURLImageKitTests.swift */ = {isa = PBXFileReference; fileEncoding = 4; lastKnownFileType = sourcecode.swift; path = NSURLImageKitTests.swift; sourceTree = "<group>"; };
		E729DEDE1C4FDCD900696039 /* XCTestCase+ImageKitHelpers.swift */ = {isa = PBXFileReference; fileEncoding = 4; lastKnownFileType = sourcecode.swift; path = "XCTestCase+ImageKitHelpers.swift"; sourceTree = "<group>"; };
		E736C9B31C522FA900910933 /* kittyGif.gif */ = {isa = PBXFileReference; lastKnownFileType = image.gif; path = kittyGif.gif; sourceTree = "<group>"; };
		E736C9B81C52620300910933 /* PHImageKItCollectionViewController.swift */ = {isa = PBXFileReference; fileEncoding = 4; lastKnownFileType = sourcecode.swift; path = PHImageKItCollectionViewController.swift; sourceTree = "<group>"; };
		E736C9BA1C52627000910933 /* PHImageKitCell.swift */ = {isa = PBXFileReference; fileEncoding = 4; lastKnownFileType = sourcecode.swift; path = PHImageKitCell.swift; sourceTree = "<group>"; };
		E736C9BC1C5262F700910933 /* PHImageKitDataSource.swift */ = {isa = PBXFileReference; fileEncoding = 4; lastKnownFileType = sourcecode.swift; path = PHImageKitDataSource.swift; sourceTree = "<group>"; };
		E77936CA1C5271E4005FF450 /* PHImageKitDetailsViewController.swift */ = {isa = PBXFileReference; fileEncoding = 4; lastKnownFileType = sourcecode.swift; path = PHImageKitDetailsViewController.swift; sourceTree = "<group>"; };
/* End PBXFileReference section */

/* Begin PBXFrameworksBuildPhase section */
		E729DE781C4FD93800696039 /* Frameworks */ = {
			isa = PBXFrameworksBuildPhase;
			buildActionMask = 2147483647;
			files = (
				11856691EE3F53BED98852CB /* libPods.a in Frameworks */,
			);
			runOnlyForDeploymentPostprocessing = 0;
		};
		E729DE831C4FD93800696039 /* Frameworks */ = {
			isa = PBXFrameworksBuildPhase;
			buildActionMask = 2147483647;
			files = (
				E729DE871C4FD93800696039 /* PHImageKit.framework in Frameworks */,
				3F6A5044F8169C03F08146CE /* libPods-PHImageKitTests.a in Frameworks */,
			);
			runOnlyForDeploymentPostprocessing = 0;
		};
		E729DE971C4FDA3F00696039 /* Frameworks */ = {
			isa = PBXFrameworksBuildPhase;
			buildActionMask = 2147483647;
			files = (
			);
			runOnlyForDeploymentPostprocessing = 0;
		};
/* End PBXFrameworksBuildPhase section */

/* Begin PBXGroup section */
		A4B44468685C3CB47521E184 /* Pods */ = {
			isa = PBXGroup;
			children = (
				C3D223C662FFB479EC4792C2 /* Pods-PHImageKitTests.debug.xcconfig */,
				6D4FBF90B69D88D7FC18ADEC /* Pods-PHImageKitTests.release.xcconfig */,
				3DBBE062D9B26912A26E2124 /* Pods.debug.xcconfig */,
				B7A978BECEA349A5358D27A3 /* Pods.release.xcconfig */,
			);
			name = Pods;
			sourceTree = "<group>";
		};
		CAC57868DC86E60D877536F1 /* Frameworks */ = {
			isa = PBXGroup;
			children = (
				957186C3C124BFEE5BA122E9 /* libPods-PHImageKitTests.a */,
				1FA683109FA8F69DF37B9D93 /* libPods.a */,
			);
			name = Frameworks;
			sourceTree = "<group>";
		};
		E729DE721C4FD93800696039 = {
			isa = PBXGroup;
			children = (
				CAC57868DC86E60D877536F1 /* Frameworks */,
				E729DE7E1C4FD93800696039 /* PHImageKit */,
				E729DE9B1C4FDA3F00696039 /* PHImageKitDemo */,
				E729DE8A1C4FD93800696039 /* PHImageKitTests */,
				A4B44468685C3CB47521E184 /* Pods */,
				E729DE7D1C4FD93800696039 /* Products */,
			);
			sourceTree = "<group>";
		};
		E729DE7D1C4FD93800696039 /* Products */ = {
			isa = PBXGroup;
			children = (
				E729DE7C1C4FD93800696039 /* PHImageKit.framework */,
				E729DE861C4FD93800696039 /* PHImageKitTests.xctest */,
				E729DE9A1C4FDA3F00696039 /* PHImageKitDemo.app */,
			);
			name = Products;
			sourceTree = "<group>";
		};
		E729DE7E1C4FD93800696039 /* PHImageKit */ = {
			isa = PBXGroup;
			children = (
				E729DEAC1C4FDC1100696039 /* Categories */,
				E729DE811C4FD93800696039 /* Info.plist */,
				E729DE7F1C4FD93800696039 /* PHImageKit.h */,
				E729DEC41C4FDC3500696039 /* PHImageView.swift */,
				E729DEBD1C4FDC3500696039 /* PHAnimatedImage.swift */,
				E729DEC61C4FDC3500696039 /* PHManager.swift */,
				E729DEC01C4FDC3500696039 /* PHDownload.swift */,
				E729DEC11C4FDC3500696039 /* PHDownloader.swift */,
				E729DEC31C4FDC3500696039 /* PHImageObject.swift */,
				E729DEC51C4FDC3500696039 /* PHImageViewProxy.swift */,
				E729DEC81C4FDC3500696039 /* PHProgressView.swift */,
				E729DEBE1C4FDC3500696039 /* PHCache.swift */,
				E729DEBF1C4FDC3500696039 /* PHCacheProtocol.swift */,
				E729DEC71C4FDC3500696039 /* PHMemoryCache.swift */,
				E729DEC21C4FDC3500696039 /* PHFileCache.swift */,
			);
			path = PHImageKit;
			sourceTree = "<group>";
		};
		E729DE8A1C4FD93800696039 /* PHImageKitTests */ = {
			isa = PBXGroup;
			children = (
				E736C9B71C52300000910933 /* Supporting Files */,
				E729DEDD1C4FDCD900696039 /* NSURLImageKitTests.swift */,
				E729DED61C4FDCD900696039 /* PHAnimatedImageTests.swift */,
				E729DED71C4FDCD900696039 /* PHCacheTests.swift */,
				E729DED81C4FDCD900696039 /* PHDonwloaderTests.swift */,
				E729DED91C4FDCD900696039 /* PHFileCacheTests.swift */,
				E729DEDA1C4FDCD900696039 /* PHImageObjectTests.swift */,
				E729DEDB1C4FDCD900696039 /* PHManagerTests.swift */,
				E729DEDC1C4FDCD900696039 /* PHMemoryCacheTests.swift */,
				E729DEDE1C4FDCD900696039 /* XCTestCase+ImageKitHelpers.swift */,
			);
			path = PHImageKitTests;
			sourceTree = "<group>";
		};
		E729DE9B1C4FDA3F00696039 /* PHImageKitDemo */ = {
			isa = PBXGroup;
			children = (
				E729DE9C1C4FDA3F00696039 /* AppDelegate.swift */,
				E729DEA31C4FDA3F00696039 /* Assets.xcassets */,
				E729DEA81C4FDA3F00696039 /* Info.plist */,
				E729DEA51C4FDA3F00696039 /* LaunchScreen.storyboard */,
				E729DEA01C4FDA3F00696039 /* Main.storyboard */,
				E736C9B81C52620300910933 /* PHImageKItCollectionViewController.swift */,
				E736C9BA1C52627000910933 /* PHImageKitCell.swift */,
				E736C9BC1C5262F700910933 /* PHImageKitDataSource.swift */,
				E77936CA1C5271E4005FF450 /* PHImageKitDetailsViewController.swift */,
			);
			path = PHImageKitDemo;
			sourceTree = "<group>";
		};
		E729DEAC1C4FDC1100696039 /* Categories */ = {
			isa = PBXGroup;
			children = (
				E729DEAD1C4FDC2900696039 /* NSData+ImageFormat.swift */,
				E729DEAE1C4FDC2900696039 /* NSDate+ImageKit.swift */,
				E729DEAF1C4FDC2900696039 /* NSError+ImageKit.swift */,
				E729DEB01C4FDC2900696039 /* NSURL+ImageKit.swift */,
				E729DEB11C4FDC2900696039 /* String+MD5.swift */,
				E729DEB21C4FDC2900696039 /* ThreadHelper.swift */,
				E729DEB31C4FDC2900696039 /* UIImage+ImageKit.swift */,
				E729DEB41C4FDC2900696039 /* UIView+ImageKit.swift */,
			);
			path = Categories;
			sourceTree = "<group>";
		};
		E736C9B71C52300000910933 /* Supporting Files */ = {
			isa = PBXGroup;
			children = (
				E729DE8D1C4FD93800696039 /* Info.plist */,
				E729DED51C4FDCD800696039 /* PHImageKitTests-Bridging-Header.h */,
				E736C9B31C522FA900910933 /* kittyGif.gif */,
			);
			path = "Supporting Files";
			sourceTree = "<group>";
		};
/* End PBXGroup section */

/* Begin PBXHeadersBuildPhase section */
		E729DE791C4FD93800696039 /* Headers */ = {
			isa = PBXHeadersBuildPhase;
			buildActionMask = 2147483647;
			files = (
				E729DE801C4FD93800696039 /* PHImageKit.h in Headers */,
			);
			runOnlyForDeploymentPostprocessing = 0;
		};
/* End PBXHeadersBuildPhase section */

/* Begin PBXNativeTarget section */
		E729DE7B1C4FD93800696039 /* PHImageKit */ = {
			isa = PBXNativeTarget;
			buildConfigurationList = E729DE901C4FD93800696039 /* Build configuration list for PBXNativeTarget "PHImageKit" */;
			buildPhases = (
				A96370C1D45B35830EDB938B /* Check Pods Manifest.lock */,
				E729DE771C4FD93800696039 /* Sources */,
				E729DE781C4FD93800696039 /* Frameworks */,
				E729DE791C4FD93800696039 /* Headers */,
				E729DE7A1C4FD93800696039 /* Resources */,
				899560CD2222EA8B7CC0253E /* Copy Pods Resources */,
			);
			buildRules = (
			);
			dependencies = (
			);
			name = PHImageKit;
			productName = PHImageKit;
			productReference = E729DE7C1C4FD93800696039 /* PHImageKit.framework */;
			productType = "com.apple.product-type.framework";
		};
		E729DE851C4FD93800696039 /* PHImageKitTests */ = {
			isa = PBXNativeTarget;
			buildConfigurationList = E729DE931C4FD93800696039 /* Build configuration list for PBXNativeTarget "PHImageKitTests" */;
			buildPhases = (
				9D33003D9161572CF298AFDA /* Check Pods Manifest.lock */,
				E729DE821C4FD93800696039 /* Sources */,
				E729DE831C4FD93800696039 /* Frameworks */,
				E729DE841C4FD93800696039 /* Resources */,
				1A4BE3D30D6346C86EC06CDD /* Embed Pods Frameworks */,
				49007E376C9FB98FF32167A9 /* Copy Pods Resources */,
			);
			buildRules = (
			);
			dependencies = (
				E729DE891C4FD93800696039 /* PBXTargetDependency */,
				E736C9B11C522CDF00910933 /* PBXTargetDependency */,
			);
			name = PHImageKitTests;
			productName = PHImageKitTests;
			productReference = E729DE861C4FD93800696039 /* PHImageKitTests.xctest */;
			productType = "com.apple.product-type.bundle.unit-test";
		};
		E729DE991C4FDA3F00696039 /* PHImageKitDemo */ = {
			isa = PBXNativeTarget;
			buildConfigurationList = E729DEAB1C4FDA3F00696039 /* Build configuration list for PBXNativeTarget "PHImageKitDemo" */;
			buildPhases = (
				E729DE961C4FDA3F00696039 /* Sources */,
				E729DE971C4FDA3F00696039 /* Frameworks */,
				E729DE981C4FDA3F00696039 /* Resources */,
			);
			buildRules = (
			);
			dependencies = (
			);
			name = PHImageKitDemo;
			productName = PHImageKitDemo;
			productReference = E729DE9A1C4FDA3F00696039 /* PHImageKitDemo.app */;
			productType = "com.apple.product-type.application";
		};
/* End PBXNativeTarget section */

/* Begin PBXProject section */
		E729DE731C4FD93800696039 /* Project object */ = {
			isa = PBXProject;
			attributes = {
				LastSwiftUpdateCheck = 0720;
				LastUpgradeCheck = 0720;
				ORGANIZATIONNAME = ProductHunt;
				TargetAttributes = {
					E729DE7B1C4FD93800696039 = {
						CreatedOnToolsVersion = 7.2;
					};
					E729DE851C4FD93800696039 = {
						CreatedOnToolsVersion = 7.2;
						TestTargetID = E729DE991C4FDA3F00696039;
					};
					E729DE991C4FDA3F00696039 = {
						CreatedOnToolsVersion = 7.2;
					};
				};
			};
			buildConfigurationList = E729DE761C4FD93800696039 /* Build configuration list for PBXProject "PHImageKit" */;
			compatibilityVersion = "Xcode 3.2";
			developmentRegion = English;
			hasScannedForEncodings = 0;
			knownRegions = (
				en,
				Base,
			);
			mainGroup = E729DE721C4FD93800696039;
			productRefGroup = E729DE7D1C4FD93800696039 /* Products */;
			projectDirPath = "";
			projectRoot = "";
			targets = (
				E729DE7B1C4FD93800696039 /* PHImageKit */,
				E729DE851C4FD93800696039 /* PHImageKitTests */,
				E729DE991C4FDA3F00696039 /* PHImageKitDemo */,
			);
		};
/* End PBXProject section */

/* Begin PBXResourcesBuildPhase section */
		E729DE7A1C4FD93800696039 /* Resources */ = {
			isa = PBXResourcesBuildPhase;
			buildActionMask = 2147483647;
			files = (
			);
			runOnlyForDeploymentPostprocessing = 0;
		};
		E729DE841C4FD93800696039 /* Resources */ = {
			isa = PBXResourcesBuildPhase;
			buildActionMask = 2147483647;
			files = (
				E736C9B41C522FA900910933 /* kittyGif.gif in Resources */,
			);
			runOnlyForDeploymentPostprocessing = 0;
		};
		E729DE981C4FDA3F00696039 /* Resources */ = {
			isa = PBXResourcesBuildPhase;
			buildActionMask = 2147483647;
			files = (
				E729DEA71C4FDA3F00696039 /* LaunchScreen.storyboard in Resources */,
				E729DEA41C4FDA3F00696039 /* Assets.xcassets in Resources */,
				E729DEA21C4FDA3F00696039 /* Main.storyboard in Resources */,
				E736C9B61C522FE500910933 /* kittyGif.gif in Resources */,
			);
			runOnlyForDeploymentPostprocessing = 0;
		};
/* End PBXResourcesBuildPhase section */

/* Begin PBXShellScriptBuildPhase section */
		1A4BE3D30D6346C86EC06CDD /* Embed Pods Frameworks */ = {
			isa = PBXShellScriptBuildPhase;
			buildActionMask = 2147483647;
			files = (
			);
			inputPaths = (
			);
			name = "Embed Pods Frameworks";
			outputPaths = (
			);
			runOnlyForDeploymentPostprocessing = 0;
			shellPath = /bin/sh;
			shellScript = "\"${SRCROOT}/Pods/Target Support Files/Pods-PHImageKitTests/Pods-PHImageKitTests-frameworks.sh\"\n";
			showEnvVarsInLog = 0;
		};
		49007E376C9FB98FF32167A9 /* Copy Pods Resources */ = {
			isa = PBXShellScriptBuildPhase;
			buildActionMask = 2147483647;
			files = (
			);
			inputPaths = (
			);
			name = "Copy Pods Resources";
			outputPaths = (
			);
			runOnlyForDeploymentPostprocessing = 0;
			shellPath = /bin/sh;
			shellScript = "\"${SRCROOT}/Pods/Target Support Files/Pods-PHImageKitTests/Pods-PHImageKitTests-resources.sh\"\n";
			showEnvVarsInLog = 0;
		};
		899560CD2222EA8B7CC0253E /* Copy Pods Resources */ = {
			isa = PBXShellScriptBuildPhase;
			buildActionMask = 2147483647;
			files = (
			);
			inputPaths = (
			);
			name = "Copy Pods Resources";
			outputPaths = (
			);
			runOnlyForDeploymentPostprocessing = 0;
			shellPath = /bin/sh;
			shellScript = "\"${SRCROOT}/Pods/Target Support Files/Pods/Pods-resources.sh\"\n";
			showEnvVarsInLog = 0;
		};
		9D33003D9161572CF298AFDA /* Check Pods Manifest.lock */ = {
			isa = PBXShellScriptBuildPhase;
			buildActionMask = 2147483647;
			files = (
			);
			inputPaths = (
			);
			name = "Check Pods Manifest.lock";
			outputPaths = (
			);
			runOnlyForDeploymentPostprocessing = 0;
			shellPath = /bin/sh;
			shellScript = "diff \"${PODS_ROOT}/../Podfile.lock\" \"${PODS_ROOT}/Manifest.lock\" > /dev/null\nif [[ $? != 0 ]] ; then\n    cat << EOM\nerror: The sandbox is not in sync with the Podfile.lock. Run 'pod install' or update your CocoaPods installation.\nEOM\n    exit 1\nfi\n";
			showEnvVarsInLog = 0;
		};
		A96370C1D45B35830EDB938B /* Check Pods Manifest.lock */ = {
			isa = PBXShellScriptBuildPhase;
			buildActionMask = 2147483647;
			files = (
			);
			inputPaths = (
			);
			name = "Check Pods Manifest.lock";
			outputPaths = (
			);
			runOnlyForDeploymentPostprocessing = 0;
			shellPath = /bin/sh;
			shellScript = "diff \"${PODS_ROOT}/../Podfile.lock\" \"${PODS_ROOT}/Manifest.lock\" > /dev/null\nif [[ $? != 0 ]] ; then\n    cat << EOM\nerror: The sandbox is not in sync with the Podfile.lock. Run 'pod install' or update your CocoaPods installation.\nEOM\n    exit 1\nfi\n";
			showEnvVarsInLog = 0;
		};
/* End PBXShellScriptBuildPhase section */

/* Begin PBXSourcesBuildPhase section */
		E729DE771C4FD93800696039 /* Sources */ = {
			isa = PBXSourcesBuildPhase;
			buildActionMask = 2147483647;
			files = (
				E729DEB71C4FDC2900696039 /* NSError+ImageKit.swift in Sources */,
				E729DEB81C4FDC2900696039 /* NSURL+ImageKit.swift in Sources */,
				E729DEC91C4FDC3500696039 /* PHAnimatedImage.swift in Sources */,
				E729DED41C4FDC3500696039 /* PHProgressView.swift in Sources */,
				E729DECF1C4FDC3500696039 /* PHImageObject.swift in Sources */,
				E729DECC1C4FDC3500696039 /* PHDownload.swift in Sources */,
				E729DED21C4FDC3500696039 /* PHManager.swift in Sources */,
				E729DEBB1C4FDC2900696039 /* UIImage+ImageKit.swift in Sources */,
				E729DECB1C4FDC3500696039 /* PHCacheProtocol.swift in Sources */,
				E729DECE1C4FDC3500696039 /* PHFileCache.swift in Sources */,
				E729DECA1C4FDC3500696039 /* PHCache.swift in Sources */,
				E729DED11C4FDC3500696039 /* PHImageViewProxy.swift in Sources */,
				E729DEB91C4FDC2900696039 /* String+MD5.swift in Sources */,
				E729DEB51C4FDC2900696039 /* NSData+ImageFormat.swift in Sources */,
				E729DEB61C4FDC2900696039 /* NSDate+ImageKit.swift in Sources */,
				E729DECD1C4FDC3500696039 /* PHDownloader.swift in Sources */,
				E729DEBA1C4FDC2900696039 /* ThreadHelper.swift in Sources */,
				E729DED01C4FDC3500696039 /* PHImageView.swift in Sources */,
				E729DEBC1C4FDC2900696039 /* UIView+ImageKit.swift in Sources */,
				E729DED31C4FDC3500696039 /* PHMemoryCache.swift in Sources */,
			);
			runOnlyForDeploymentPostprocessing = 0;
		};
		E729DE821C4FD93800696039 /* Sources */ = {
			isa = PBXSourcesBuildPhase;
			buildActionMask = 2147483647;
			files = (
				E736C9B21C522E6F00910933 /* UIView+ImageKit.swift in Sources */,
				E729DEE21C4FDCD900696039 /* PHFileCacheTests.swift in Sources */,
				E736C9A51C522BB500910933 /* PHCacheProtocol.swift in Sources */,
				E729DEE11C4FDCD900696039 /* PHDonwloaderTests.swift in Sources */,
				E736C9AE1C522BF000910933 /* PHProgressView.swift in Sources */,
				E736C9A71C522BE700910933 /* NSData+ImageFormat.swift in Sources */,
				E729DEE31C4FDCD900696039 /* PHImageObjectTests.swift in Sources */,
				E736C9A61C522BB700910933 /* PHCache.swift in Sources */,
				E736C9A11C522BAC00910933 /* PHImageObject.swift in Sources */,
				E736C9AC1C522BE700910933 /* ThreadHelper.swift in Sources */,
				E736C9AB1C522BE700910933 /* String+MD5.swift in Sources */,
				E736C9A21C522BAE00910933 /* PHFileCache.swift in Sources */,
				E736C9A31C522BB100910933 /* PHDownloader.swift in Sources */,
				E736C9AA1C522BE700910933 /* NSURL+ImageKit.swift in Sources */,
				E729DEE51C4FDCD900696039 /* PHMemoryCacheTests.swift in Sources */,
				E729DEE01C4FDCD900696039 /* PHCacheTests.swift in Sources */,
				E736C99E1C522BA300910933 /* PHManager.swift in Sources */,
				E736C9AD1C522BE700910933 /* UIImage+ImageKit.swift in Sources */,
				E736C9A01C522BA900910933 /* PHImageView.swift in Sources */,
				E736C9A91C522BE700910933 /* NSError+ImageKit.swift in Sources */,
				E729DEE61C4FDCD900696039 /* NSURLImageKitTests.swift in Sources */,
				E736C99F1C522BA600910933 /* PHImageViewProxy.swift in Sources */,
				E736C99D1C522BA100910933 /* PHMemoryCache.swift in Sources */,
				E736C99C1C522B9100910933 /* PHAnimatedImage.swift in Sources */,
				E729DEE71C4FDCD900696039 /* XCTestCase+ImageKitHelpers.swift in Sources */,
				E736C9A41C522BB300910933 /* PHDownload.swift in Sources */,
				E729DEDF1C4FDCD900696039 /* PHAnimatedImageTests.swift in Sources */,
				E729DEE41C4FDCD900696039 /* PHManagerTests.swift in Sources */,
				E736C9A81C522BE700910933 /* NSDate+ImageKit.swift in Sources */,
			);
			runOnlyForDeploymentPostprocessing = 0;
		};
		E729DE961C4FDA3F00696039 /* Sources */ = {
			isa = PBXSourcesBuildPhase;
			buildActionMask = 2147483647;
			files = (
				E77936CB1C5271E4005FF450 /* PHImageKitDetailsViewController.swift in Sources */,
				E736C9BD1C5262F700910933 /* PHImageKitDataSource.swift in Sources */,
				E736C9BB1C52627000910933 /* PHImageKitCell.swift in Sources */,
				E729DE9D1C4FDA3F00696039 /* AppDelegate.swift in Sources */,
				E736C9B91C52620300910933 /* PHImageKItCollectionViewController.swift in Sources */,
			);
			runOnlyForDeploymentPostprocessing = 0;
		};
/* End PBXSourcesBuildPhase section */

/* Begin PBXTargetDependency section */
		E729DE891C4FD93800696039 /* PBXTargetDependency */ = {
			isa = PBXTargetDependency;
			target = E729DE7B1C4FD93800696039 /* PHImageKit */;
			targetProxy = E729DE881C4FD93800696039 /* PBXContainerItemProxy */;
		};
		E736C9B11C522CDF00910933 /* PBXTargetDependency */ = {
			isa = PBXTargetDependency;
			target = E729DE991C4FDA3F00696039 /* PHImageKitDemo */;
			targetProxy = E736C9B01C522CDF00910933 /* PBXContainerItemProxy */;
		};
/* End PBXTargetDependency section */

/* Begin PBXVariantGroup section */
		E729DEA01C4FDA3F00696039 /* Main.storyboard */ = {
			isa = PBXVariantGroup;
			children = (
				E729DEA11C4FDA3F00696039 /* Base */,
			);
			name = Main.storyboard;
			path = .;
			sourceTree = "<group>";
		};
		E729DEA51C4FDA3F00696039 /* LaunchScreen.storyboard */ = {
			isa = PBXVariantGroup;
			children = (
				E729DEA61C4FDA3F00696039 /* Base */,
			);
			name = LaunchScreen.storyboard;
			path = .;
			sourceTree = "<group>";
		};
/* End PBXVariantGroup section */

/* Begin XCBuildConfiguration section */
		E729DE8E1C4FD93800696039 /* Debug */ = {
			isa = XCBuildConfiguration;
			buildSettings = {
				ALWAYS_SEARCH_USER_PATHS = NO;
				CLANG_CXX_LANGUAGE_STANDARD = "gnu++0x";
				CLANG_CXX_LIBRARY = "libc++";
				CLANG_ENABLE_MODULES = YES;
				CLANG_ENABLE_OBJC_ARC = YES;
				CLANG_WARN_BOOL_CONVERSION = YES;
				CLANG_WARN_CONSTANT_CONVERSION = YES;
				CLANG_WARN_DIRECT_OBJC_ISA_USAGE = YES_ERROR;
				CLANG_WARN_EMPTY_BODY = YES;
				CLANG_WARN_ENUM_CONVERSION = YES;
				CLANG_WARN_INT_CONVERSION = YES;
				CLANG_WARN_OBJC_ROOT_CLASS = YES_ERROR;
				CLANG_WARN_UNREACHABLE_CODE = YES;
				CLANG_WARN__DUPLICATE_METHOD_MATCH = YES;
				"CODE_SIGN_IDENTITY[sdk=iphoneos*]" = "iPhone Developer";
				COPY_PHASE_STRIP = NO;
				CURRENT_PROJECT_VERSION = 1;
				DEBUG_INFORMATION_FORMAT = dwarf;
				ENABLE_STRICT_OBJC_MSGSEND = YES;
				ENABLE_TESTABILITY = YES;
				GCC_C_LANGUAGE_STANDARD = gnu99;
				GCC_DYNAMIC_NO_PIC = NO;
				GCC_NO_COMMON_BLOCKS = YES;
				GCC_OPTIMIZATION_LEVEL = 0;
				GCC_PREPROCESSOR_DEFINITIONS = (
					"DEBUG=1",
					"$(inherited)",
				);
				GCC_WARN_64_TO_32_BIT_CONVERSION = YES;
				GCC_WARN_ABOUT_RETURN_TYPE = YES_ERROR;
				GCC_WARN_UNDECLARED_SELECTOR = YES;
				GCC_WARN_UNINITIALIZED_AUTOS = YES_AGGRESSIVE;
				GCC_WARN_UNUSED_FUNCTION = YES;
				GCC_WARN_UNUSED_VARIABLE = YES;
				IPHONEOS_DEPLOYMENT_TARGET = 9.2;
				MTL_ENABLE_DEBUG_INFO = YES;
				ONLY_ACTIVE_ARCH = YES;
				SDKROOT = iphoneos;
				SWIFT_OPTIMIZATION_LEVEL = "-Onone";
				TARGETED_DEVICE_FAMILY = "1,2";
				VERSIONING_SYSTEM = "apple-generic";
				VERSION_INFO_PREFIX = "";
			};
			name = Debug;
		};
		E729DE8F1C4FD93800696039 /* Release */ = {
			isa = XCBuildConfiguration;
			buildSettings = {
				ALWAYS_SEARCH_USER_PATHS = NO;
				CLANG_CXX_LANGUAGE_STANDARD = "gnu++0x";
				CLANG_CXX_LIBRARY = "libc++";
				CLANG_ENABLE_MODULES = YES;
				CLANG_ENABLE_OBJC_ARC = YES;
				CLANG_WARN_BOOL_CONVERSION = YES;
				CLANG_WARN_CONSTANT_CONVERSION = YES;
				CLANG_WARN_DIRECT_OBJC_ISA_USAGE = YES_ERROR;
				CLANG_WARN_EMPTY_BODY = YES;
				CLANG_WARN_ENUM_CONVERSION = YES;
				CLANG_WARN_INT_CONVERSION = YES;
				CLANG_WARN_OBJC_ROOT_CLASS = YES_ERROR;
				CLANG_WARN_UNREACHABLE_CODE = YES;
				CLANG_WARN__DUPLICATE_METHOD_MATCH = YES;
				"CODE_SIGN_IDENTITY[sdk=iphoneos*]" = "iPhone Developer";
				COPY_PHASE_STRIP = NO;
				CURRENT_PROJECT_VERSION = 1;
				DEBUG_INFORMATION_FORMAT = "dwarf-with-dsym";
				ENABLE_NS_ASSERTIONS = NO;
				ENABLE_STRICT_OBJC_MSGSEND = YES;
				GCC_C_LANGUAGE_STANDARD = gnu99;
				GCC_NO_COMMON_BLOCKS = YES;
				GCC_WARN_64_TO_32_BIT_CONVERSION = YES;
				GCC_WARN_ABOUT_RETURN_TYPE = YES_ERROR;
				GCC_WARN_UNDECLARED_SELECTOR = YES;
				GCC_WARN_UNINITIALIZED_AUTOS = YES_AGGRESSIVE;
				GCC_WARN_UNUSED_FUNCTION = YES;
				GCC_WARN_UNUSED_VARIABLE = YES;
				IPHONEOS_DEPLOYMENT_TARGET = 9.2;
				MTL_ENABLE_DEBUG_INFO = NO;
				SDKROOT = iphoneos;
				TARGETED_DEVICE_FAMILY = "1,2";
				VALIDATE_PRODUCT = YES;
				VERSIONING_SYSTEM = "apple-generic";
				VERSION_INFO_PREFIX = "";
			};
			name = Release;
		};
		E729DE911C4FD93800696039 /* Debug */ = {
			isa = XCBuildConfiguration;
			baseConfigurationReference = 3DBBE062D9B26912A26E2124 /* Pods.debug.xcconfig */;
			buildSettings = {
				CLANG_ENABLE_MODULES = YES;
				DEFINES_MODULE = YES;
				DYLIB_COMPATIBILITY_VERSION = 1;
				DYLIB_CURRENT_VERSION = 1;
				DYLIB_INSTALL_NAME_BASE = "@rpath";
				INFOPLIST_FILE = PHImageKit/Info.plist;
				INSTALL_PATH = "$(LOCAL_LIBRARY_DIR)/Frameworks";
				LD_RUNPATH_SEARCH_PATHS = "$(inherited) @executable_path/Frameworks @loader_path/Frameworks";
				PRODUCT_BUNDLE_IDENTIFIER = com.ProductHunt.PHImageKit;
				PRODUCT_NAME = "$(TARGET_NAME)";
				SKIP_INSTALL = YES;
				SWIFT_OPTIMIZATION_LEVEL = "-Onone";
			};
			name = Debug;
		};
		E729DE921C4FD93800696039 /* Release */ = {
			isa = XCBuildConfiguration;
			baseConfigurationReference = B7A978BECEA349A5358D27A3 /* Pods.release.xcconfig */;
			buildSettings = {
				CLANG_ENABLE_MODULES = YES;
				DEFINES_MODULE = YES;
				DYLIB_COMPATIBILITY_VERSION = 1;
				DYLIB_CURRENT_VERSION = 1;
				DYLIB_INSTALL_NAME_BASE = "@rpath";
				INFOPLIST_FILE = PHImageKit/Info.plist;
				INSTALL_PATH = "$(LOCAL_LIBRARY_DIR)/Frameworks";
				LD_RUNPATH_SEARCH_PATHS = "$(inherited) @executable_path/Frameworks @loader_path/Frameworks";
				PRODUCT_BUNDLE_IDENTIFIER = com.ProductHunt.PHImageKit;
				PRODUCT_NAME = "$(TARGET_NAME)";
				SKIP_INSTALL = YES;
			};
			name = Release;
		};
		E729DE941C4FD93800696039 /* Debug */ = {
			isa = XCBuildConfiguration;
			baseConfigurationReference = C3D223C662FFB479EC4792C2 /* Pods-PHImageKitTests.debug.xcconfig */;
			buildSettings = {
				CLANG_ENABLE_MODULES = YES;
				INFOPLIST_FILE = "PHImageKitTests/Supporting Files/Info.plist";
				LD_RUNPATH_SEARCH_PATHS = "$(inherited) @executable_path/Frameworks @loader_path/Frameworks";
				PRODUCT_BUNDLE_IDENTIFIER = com.ProductHunt.PHImageKitTests;
				PRODUCT_NAME = "$(TARGET_NAME)";
				SWIFT_OBJC_BRIDGING_HEADER = "$(SRCROOT)/PHImageKitTests/Supporting Files/PHImageKitTests-Bridging-Header.h";
				SWIFT_OPTIMIZATION_LEVEL = "-Onone";
				TEST_HOST = "$(BUILT_PRODUCTS_DIR)/PHImageKitDemo.app/PHImageKitDemo";
			};
			name = Debug;
		};
		E729DE951C4FD93800696039 /* Release */ = {
			isa = XCBuildConfiguration;
			baseConfigurationReference = 6D4FBF90B69D88D7FC18ADEC /* Pods-PHImageKitTests.release.xcconfig */;
			buildSettings = {
				CLANG_ENABLE_MODULES = YES;
				INFOPLIST_FILE = "PHImageKitTests/Supporting Files/Info.plist";
				LD_RUNPATH_SEARCH_PATHS = "$(inherited) @executable_path/Frameworks @loader_path/Frameworks";
				PRODUCT_BUNDLE_IDENTIFIER = com.ProductHunt.PHImageKitTests;
				PRODUCT_NAME = "$(TARGET_NAME)";
				SWIFT_OBJC_BRIDGING_HEADER = "$(SRCROOT)/PHImageKitTests/Supporting Files/PHImageKitTests-Bridging-Header.h";
				TEST_HOST = "$(BUILT_PRODUCTS_DIR)/PHImageKitDemo.app/PHImageKitDemo";
			};
			name = Release;
		};
		E729DEA91C4FDA3F00696039 /* Debug */ = {
			isa = XCBuildConfiguration;
			buildSettings = {
				ASSETCATALOG_COMPILER_APPICON_NAME = AppIcon;
				INFOPLIST_FILE = PHImageKitDemo/Info.plist;
				LD_RUNPATH_SEARCH_PATHS = "$(inherited) @executable_path/Frameworks";
				PRODUCT_BUNDLE_IDENTIFIER = com.ProductHunt.PHImageKitDemo;
				PRODUCT_NAME = "$(TARGET_NAME)";
			};
			name = Debug;
		};
		E729DEAA1C4FDA3F00696039 /* Release */ = {
			isa = XCBuildConfiguration;
			buildSettings = {
				ASSETCATALOG_COMPILER_APPICON_NAME = AppIcon;
				INFOPLIST_FILE = PHImageKitDemo/Info.plist;
				LD_RUNPATH_SEARCH_PATHS = "$(inherited) @executable_path/Frameworks";
				PRODUCT_BUNDLE_IDENTIFIER = com.ProductHunt.PHImageKitDemo;
				PRODUCT_NAME = "$(TARGET_NAME)";
			};
			name = Release;
		};
/* End XCBuildConfiguration section */

/* Begin XCConfigurationList section */
		E729DE761C4FD93800696039 /* Build configuration list for PBXProject "PHImageKit" */ = {
			isa = XCConfigurationList;
			buildConfigurations = (
				E729DE8E1C4FD93800696039 /* Debug */,
				E729DE8F1C4FD93800696039 /* Release */,
			);
			defaultConfigurationIsVisible = 0;
			defaultConfigurationName = Release;
		};
		E729DE901C4FD93800696039 /* Build configuration list for PBXNativeTarget "PHImageKit" */ = {
			isa = XCConfigurationList;
			buildConfigurations = (
				E729DE911C4FD93800696039 /* Debug */,
				E729DE921C4FD93800696039 /* Release */,
			);
			defaultConfigurationIsVisible = 0;
			defaultConfigurationName = Release;
		};
		E729DE931C4FD93800696039 /* Build configuration list for PBXNativeTarget "PHImageKitTests" */ = {
			isa = XCConfigurationList;
			buildConfigurations = (
				E729DE941C4FD93800696039 /* Debug */,
				E729DE951C4FD93800696039 /* Release */,
			);
			defaultConfigurationIsVisible = 0;
			defaultConfigurationName = Release;
		};
		E729DEAB1C4FDA3F00696039 /* Build configuration list for PBXNativeTarget "PHImageKitDemo" */ = {
			isa = XCConfigurationList;
			buildConfigurations = (
				E729DEA91C4FDA3F00696039 /* Debug */,
				E729DEAA1C4FDA3F00696039 /* Release */,
			);
			defaultConfigurationIsVisible = 0;
			defaultConfigurationName = Release;
		};
/* End XCConfigurationList section */
	};
	rootObject = E729DE731C4FD93800696039 /* Project object */;
}
